
Microsoft Visual Studio Solution File, Format Version 12.00
# Visual Studio 2013
VisualStudioVersion = 12.0.30723.0
MinimumVisualStudioVersion = 10.0.40219.1
Project("{F184B08F-C81C-45F6-A57F-5ABD9991F28F}") = "Prickbreakers.HardwareM.Datos", "Prickbreakers.HardwareM.Datos\Prickbreakers.HardwareM.Datos.vbproj", "{91E5CA3F-6516-4098-B76C-F4F19B67FCE5}"
EndProject
Project("{F184B08F-C81C-45F6-A57F-5ABD9991F28F}") = "Prickbreakers.HardwareM.Negocio", "Prickbreakers.HardwareM.Negocio\Prickbreakers.HardwareM.Negocio.vbproj", "{E9569309-F852-44F7-81AD-1E98390B68B0}"
EndProject
Project("{F184B08F-C81C-45F6-A57F-5ABD9991F28F}") = "Prickbreakers.HardwareM.PBApp", "Prickbreakers.HardwareM.PBApp\Prickbreakers.HardwareM.PBApp.vbproj", "{0853D477-AAA9-4825-BE9D-EC3F8ED26702}"
EndProject
Global
	GlobalSection(SolutionConfigurationPlatforms) = preSolution
		Debug|Any CPU = Debug|Any CPU
		Release|Any CPU = Release|Any CPU
	EndGlobalSection
	GlobalSection(ProjectConfigurationPlatforms) = postSolution
		{91E5CA3F-6516-4098-B76C-F4F19B67FCE5}.Debug|Any CPU.ActiveCfg = Debug|Any CPU
		{91E5CA3F-6516-4098-B76C-F4F19B67FCE5}.Debug|Any CPU.Build.0 = Debug|Any CPU
		{91E5CA3F-6516-4098-B76C-F4F19B67FCE5}.Release|Any CPU.ActiveCfg = Release|Any CPU
		{91E5CA3F-6516-4098-B76C-F4F19B67FCE5}.Release|Any CPU.Build.0 = Release|Any CPU
		{E9569309-F852-44F7-81AD-1E98390B68B0}.Debug|Any CPU.ActiveCfg = Debug|Any CPU
		{E9569309-F852-44F7-81AD-1E98390B68B0}.Debug|Any CPU.Build.0 = Debug|Any CPU
		{E9569309-F852-44F7-81AD-1E98390B68B0}.Release|Any CPU.ActiveCfg = Release|Any CPU
		{E9569309-F852-44F7-81AD-1E98390B68B0}.Release|Any CPU.Build.0 = Release|Any CPU
		{0853D477-AAA9-4825-BE9D-EC3F8ED26702}.Debug|Any CPU.ActiveCfg = Debug|Any CPU
		{0853D477-AAA9-4825-BE9D-EC3F8ED26702}.Debug|Any CPU.Build.0 = Debug|Any CPU
		{0853D477-AAA9-4825-BE9D-EC3F8ED26702}.Release|Any CPU.ActiveCfg = Release|Any CPU
		{0853D477-AAA9-4825-BE9D-EC3F8ED26702}.Release|Any CPU.Build.0 = Release|Any CPU
	EndGlobalSection
	GlobalSection(SolutionProperties) = preSolution
		HideSolutionNode = FALSE
	EndGlobalSection
EndGlobal
